// !$*UTF8*$!
{
	archiveVersion = 1;
	classes = {
	};
	objectVersion = 46;
	objects = {

/* Begin PBXBuildFile section */
		CD74D2181A52F51A000B6F31 /* OpenGL.framework in Frameworks */ = {isa = PBXBuildFile; fileRef = CD74D2171A52F51A000B6F31 /* OpenGL.framework */; };
		CD74D21A1A52F520000B6F31 /* GLUT.framework in Frameworks */ = {isa = PBXBuildFile; fileRef = CD74D2191A52F520000B6F31 /* GLUT.framework */; };
		CDB34E461AFE3A3D00849FFD /* game.cpp in Sources */ = {isa = PBXBuildFile; fileRef = CDB34E3F1AFE3A3D00849FFD /* game.cpp */; };
		CDB34E471AFE3A3D00849FFD /* interpreter.cpp in Sources */ = {isa = PBXBuildFile; fileRef = CDB34E411AFE3A3D00849FFD /* interpreter.cpp */; };
		CDB34E481AFE3A3D00849FFD /* main.cpp in Sources */ = {isa = PBXBuildFile; fileRef = CDB34E431AFE3A3D00849FFD /* main.cpp */; };
		CDB34E491AFE3A3D00849FFD /* save.cpp in Sources */ = {isa = PBXBuildFile; fileRef = CDB34E441AFE3A3D00849FFD /* save.cpp */; };
		CDB34E801AFE3A4B00849FFD /* bar.cpp in Sources */ = {isa = PBXBuildFile; fileRef = CDB34E4B1AFE3A4B00849FFD /* bar.cpp */; };
		CDB34E811AFE3A4B00849FFD /* obstacle.cpp in Sources */ = {isa = PBXBuildFile; fileRef = CDB34E4D1AFE3A4B00849FFD /* obstacle.cpp */; };
		CDB34E821AFE3A4B00849FFD /* particle.cpp in Sources */ = {isa = PBXBuildFile; fileRef = CDB34E4F1AFE3A4B00849FFD /* particle.cpp */; };
		CDB34E831AFE3A4B00849FFD /* graphics.cpp in Sources */ = {isa = PBXBuildFile; fileRef = CDB34E551AFE3A4B00849FFD /* graphics.cpp */; };
		CDB34E841AFE3A4B00849FFD /* grid.cpp in Sources */ = {isa = PBXBuildFile; fileRef = CDB34E571AFE3A4B00849FFD /* grid.cpp */; };
		CDB34E851AFE3A4B00849FFD /* renderer.cpp in Sources */ = {isa = PBXBuildFile; fileRef = CDB34E591AFE3A4B00849FFD /* renderer.cpp */; };
		CDB34E861AFE3A4B00849FFD /* button.cpp in Sources */ = {isa = PBXBuildFile; fileRef = CDB34E5C1AFE3A4B00849FFD /* button.cpp */; };
		CDB34E871AFE3A4B00849FFD /* interface.cpp in Sources */ = {isa = PBXBuildFile; fileRef = CDB34E5E1AFE3A4B00849FFD /* interface.cpp */; };
		CDB34E881AFE3A4B00849FFD /* mouse.cpp in Sources */ = {isa = PBXBuildFile; fileRef = CDB34E601AFE3A4B00849FFD /* mouse.cpp */; };
		CDB34E891AFE3A4B00849FFD /* settings.cpp in Sources */ = {isa = PBXBuildFile; fileRef = CDB34E621AFE3A4B00849FFD /* settings.cpp */; };
		CDB34E8A1AFE3A4B00849FFD /* temporary_label.cpp in Sources */ = {isa = PBXBuildFile; fileRef = CDB34E641AFE3A4B00849FFD /* temporary_label.cpp */; };
		CDB34E8B1AFE3A4B00849FFD /* window.cpp in Sources */ = {isa = PBXBuildFile; fileRef = CDB34E661AFE3A4B00849FFD /* window.cpp */; };
		CDB34E8C1AFE3A4B00849FFD /* polygon.cpp in Sources */ = {isa = PBXBuildFile; fileRef = CDB34E691AFE3A4B00849FFD /* polygon.cpp */; };
		CDB34E8D1AFE3A4B00849FFD /* various_math.cpp in Sources */ = {isa = PBXBuildFile; fileRef = CDB34E6B1AFE3A4B00849FFD /* various_math.cpp */; };
		CDB34E8E1AFE3A4B00849FFD /* bars_tool.cpp in Sources */ = {isa = PBXBuildFile; fileRef = CDB34E6E1AFE3A4B00849FFD /* bars_tool.cpp */; };
		CDB34E8F1AFE3A4B00849FFD /* delete_tool.cpp in Sources */ = {isa = PBXBuildFile; fileRef = CDB34E701AFE3A4B00849FFD /* delete_tool.cpp */; };
		CDB34E901AFE3A4B00849FFD /* drag_tool.cpp in Sources */ = {isa = PBXBuildFile; fileRef = CDB34E721AFE3A4B00849FFD /* drag_tool.cpp */; };
		CDB34E911AFE3A4B00849FFD /* measure_tool.cpp in Sources */ = {isa = PBXBuildFile; fileRef = CDB34E741AFE3A4B00849FFD /* measure_tool.cpp */; };
		CDB34E921AFE3A4B00849FFD /* obstacle_tool.cpp in Sources */ = {isa = PBXBuildFile; fileRef = CDB34E761AFE3A4B00849FFD /* obstacle_tool.cpp */; };
		CDB34E931AFE3A4B00849FFD /* selection_tool.cpp in Sources */ = {isa = PBXBuildFile; fileRef = CDB34E781AFE3A4B00849FFD /* selection_tool.cpp */; };
		CDB34E941AFE3A4B00849FFD /* split_tool.cpp in Sources */ = {isa = PBXBuildFile; fileRef = CDB34E7A1AFE3A4B00849FFD /* split_tool.cpp */; };
		CDB34E951AFE3A4B00849FFD /* tool.cpp in Sources */ = {isa = PBXBuildFile; fileRef = CDB34E7C1AFE3A4B00849FFD /* tool.cpp */; };
		CDB34E961AFE3A4B00849FFD /* trace_tool.cpp in Sources */ = {isa = PBXBuildFile; fileRef = CDB34E7E1AFE3A4B00849FFD /* trace_tool.cpp */; };
/* End PBXBuildFile section */

/* Begin PBXCopyFilesBuildPhase section */
		CD74D20B1A5214CC000B6F31 /* CopyFiles */ = {
			isa = PBXCopyFilesBuildPhase;
			buildActionMask = 2147483647;
			dstPath = /usr/share/man/man1/;
			dstSubfolderSpec = 0;
			files = (
			);
			runOnlyForDeploymentPostprocessing = 1;
		};
/* End PBXCopyFilesBuildPhase section */

/* Begin PBXFileReference section */
		CD74D20D1A5214CC000B6F31 /* Trusses */ = {isa = PBXFileReference; explicitFileType = "compiled.mach-o.executable"; includeInIndex = 0; path = Trusses; sourceTree = BUILT_PRODUCTS_DIR; };
		CD74D2171A52F51A000B6F31 /* OpenGL.framework */ = {isa = PBXFileReference; lastKnownFileType = wrapper.framework; name = OpenGL.framework; path = System/Library/Frameworks/OpenGL.framework; sourceTree = SDKROOT; };
		CD74D2191A52F520000B6F31 /* GLUT.framework */ = {isa = PBXFileReference; lastKnownFileType = wrapper.framework; name = GLUT.framework; path = System/Library/Frameworks/GLUT.framework; sourceTree = SDKROOT; };
		CDB34E3F1AFE3A3D00849FFD /* game.cpp */ = {isa = PBXFileReference; fileEncoding = 4; lastKnownFileType = sourcecode.cpp.cpp; name = game.cpp; path = src/game.cpp; sourceTree = SOURCE_ROOT; };
		CDB34E401AFE3A3D00849FFD /* game.h */ = {isa = PBXFileReference; fileEncoding = 4; lastKnownFileType = sourcecode.c.h; name = game.h; path = src/game.h; sourceTree = SOURCE_ROOT; };
		CDB34E411AFE3A3D00849FFD /* interpreter.cpp */ = {isa = PBXFileReference; fileEncoding = 4; lastKnownFileType = sourcecode.cpp.cpp; name = interpreter.cpp; path = src/interpreter.cpp; sourceTree = SOURCE_ROOT; };
		CDB34E421AFE3A3D00849FFD /* interpreter.h */ = {isa = PBXFileReference; fileEncoding = 4; lastKnownFileType = sourcecode.c.h; name = interpreter.h; path = src/interpreter.h; sourceTree = SOURCE_ROOT; };
		CDB34E431AFE3A3D00849FFD /* main.cpp */ = {isa = PBXFileReference; fileEncoding = 4; lastKnownFileType = sourcecode.cpp.cpp; name = main.cpp; path = src/main.cpp; sourceTree = SOURCE_ROOT; };
		CDB34E441AFE3A3D00849FFD /* save.cpp */ = {isa = PBXFileReference; fileEncoding = 4; lastKnownFileType = sourcecode.cpp.cpp; name = save.cpp; path = src/save.cpp; sourceTree = SOURCE_ROOT; };
		CDB34E451AFE3A3D00849FFD /* save.h */ = {isa = PBXFileReference; fileEncoding = 4; lastKnownFileType = sourcecode.c.h; name = save.h; path = src/save.h; sourceTree = SOURCE_ROOT; };
		CDB34E4B1AFE3A4B00849FFD /* bar.cpp */ = {isa = PBXFileReference; fileEncoding = 4; lastKnownFileType = sourcecode.cpp.cpp; path = bar.cpp; sourceTree = "<group>"; };
		CDB34E4C1AFE3A4B00849FFD /* bar.h */ = {isa = PBXFileReference; fileEncoding = 4; lastKnownFileType = sourcecode.c.h; path = bar.h; sourceTree = "<group>"; };
		CDB34E4D1AFE3A4B00849FFD /* obstacle.cpp */ = {isa = PBXFileReference; fileEncoding = 4; lastKnownFileType = sourcecode.cpp.cpp; path = obstacle.cpp; sourceTree = "<group>"; };
		CDB34E4E1AFE3A4B00849FFD /* obstacle.h */ = {isa = PBXFileReference; fileEncoding = 4; lastKnownFileType = sourcecode.c.h; path = obstacle.h; sourceTree = "<group>"; };
		CDB34E4F1AFE3A4B00849FFD /* particle.cpp */ = {isa = PBXFileReference; fileEncoding = 4; lastKnownFileType = sourcecode.cpp.cpp; path = particle.cpp; sourceTree = "<group>"; };
		CDB34E501AFE3A4B00849FFD /* particle.h */ = {isa = PBXFileReference; fileEncoding = 4; lastKnownFileType = sourcecode.c.h; path = particle.h; sourceTree = "<group>"; };
		CDB34E521AFE3A4B00849FFD /* fixed_size.h */ = {isa = PBXFileReference; fileEncoding = 4; lastKnownFileType = sourcecode.c.h; path = fixed_size.h; sourceTree = "<group>"; };
		CDB34E531AFE3A4B00849FFD /* slot_map.h */ = {isa = PBXFileReference; fileEncoding = 4; lastKnownFileType = sourcecode.c.h; path = slot_map.h; sourceTree = "<group>"; };
		CDB34E551AFE3A4B00849FFD /* graphics.cpp */ = {isa = PBXFileReference; fileEncoding = 4; lastKnownFileType = sourcecode.cpp.cpp; path = graphics.cpp; sourceTree = "<group>"; };
		CDB34E561AFE3A4B00849FFD /* graphics.h */ = {isa = PBXFileReference; fileEncoding = 4; lastKnownFileType = sourcecode.c.h; path = graphics.h; sourceTree = "<group>"; };
		CDB34E571AFE3A4B00849FFD /* grid.cpp */ = {isa = PBXFileReference; fileEncoding = 4; lastKnownFileType = sourcecode.cpp.cpp; path = grid.cpp; sourceTree = "<group>"; };
		CDB34E581AFE3A4B00849FFD /* grid.h */ = {isa = PBXFileReference; fileEncoding = 4; lastKnownFileType = sourcecode.c.h; path = grid.h; sourceTree = "<group>"; };
		CDB34E591AFE3A4B00849FFD /* renderer.cpp */ = {isa = PBXFileReference; fileEncoding = 4; lastKnownFileType = sourcecode.cpp.cpp; path = renderer.cpp; sourceTree = "<group>"; };
		CDB34E5A1AFE3A4B00849FFD /* renderer.h */ = {isa = PBXFileReference; fileEncoding = 4; lastKnownFileType = sourcecode.c.h; path = renderer.h; sourceTree = "<group>"; };
		CDB34E5C1AFE3A4B00849FFD /* button.cpp */ = {isa = PBXFileReference; fileEncoding = 4; lastKnownFileType = sourcecode.cpp.cpp; path = button.cpp; sourceTree = "<group>"; };
		CDB34E5D1AFE3A4B00849FFD /* button.h */ = {isa = PBXFileReference; fileEncoding = 4; lastKnownFileType = sourcecode.c.h; path = button.h; sourceTree = "<group>"; };
		CDB34E5E1AFE3A4B00849FFD /* interface.cpp */ = {isa = PBXFileReference; fileEncoding = 4; lastKnownFileType = sourcecode.cpp.cpp; path = interface.cpp; sourceTree = "<group>"; };
		CDB34E5F1AFE3A4B00849FFD /* interface.h */ = {isa = PBXFileReference; fileEncoding = 4; lastKnownFileType = sourcecode.c.h; path = interface.h; sourceTree = "<group>"; };
		CDB34E601AFE3A4B00849FFD /* mouse.cpp */ = {isa = PBXFileReference; fileEncoding = 4; lastKnownFileType = sourcecode.cpp.cpp; path = mouse.cpp; sourceTree = "<group>"; };
		CDB34E611AFE3A4B00849FFD /* mouse.h */ = {isa = PBXFileReference; fileEncoding = 4; lastKnownFileType = sourcecode.c.h; path = mouse.h; sourceTree = "<group>"; };
		CDB34E621AFE3A4B00849FFD /* settings.cpp */ = {isa = PBXFileReference; fileEncoding = 4; lastKnownFileType = sourcecode.cpp.cpp; path = settings.cpp; sourceTree = "<group>"; };
		CDB34E631AFE3A4B00849FFD /* settings.h */ = {isa = PBXFileReference; fileEncoding = 4; lastKnownFileType = sourcecode.c.h; path = settings.h; sourceTree = "<group>"; };
		CDB34E641AFE3A4B00849FFD /* temporary_label.cpp */ = {isa = PBXFileReference; fileEncoding = 4; lastKnownFileType = sourcecode.cpp.cpp; path = temporary_label.cpp; sourceTree = "<group>"; };
		CDB34E651AFE3A4B00849FFD /* temporary_label.h */ = {isa = PBXFileReference; fileEncoding = 4; lastKnownFileType = sourcecode.c.h; path = temporary_label.h; sourceTree = "<group>"; };
		CDB34E661AFE3A4B00849FFD /* window.cpp */ = {isa = PBXFileReference; fileEncoding = 4; lastKnownFileType = sourcecode.cpp.cpp; path = window.cpp; sourceTree = "<group>"; };
		CDB34E671AFE3A4B00849FFD /* window.h */ = {isa = PBXFileReference; fileEncoding = 4; lastKnownFileType = sourcecode.c.h; path = window.h; sourceTree = "<group>"; };
		CDB34E691AFE3A4B00849FFD /* polygon.cpp */ = {isa = PBXFileReference; fileEncoding = 4; lastKnownFileType = sourcecode.cpp.cpp; path = polygon.cpp; sourceTree = "<group>"; };
		CDB34E6A1AFE3A4B00849FFD /* polygon.h */ = {isa = PBXFileReference; fileEncoding = 4; lastKnownFileType = sourcecode.c.h; path = polygon.h; sourceTree = "<group>"; };
		CDB34E6B1AFE3A4B00849FFD /* various_math.cpp */ = {isa = PBXFileReference; fileEncoding = 4; lastKnownFileType = sourcecode.cpp.cpp; path = various_math.cpp; sourceTree = "<group>"; };
		CDB34E6C1AFE3A4B00849FFD /* various_math.h */ = {isa = PBXFileReference; fileEncoding = 4; lastKnownFileType = sourcecode.c.h; path = various_math.h; sourceTree = "<group>"; };
		CDB34E6E1AFE3A4B00849FFD /* bars_tool.cpp */ = {isa = PBXFileReference; fileEncoding = 4; lastKnownFileType = sourcecode.cpp.cpp; path = bars_tool.cpp; sourceTree = "<group>"; };
		CDB34E6F1AFE3A4B00849FFD /* bars_tool.h */ = {isa = PBXFileReference; fileEncoding = 4; lastKnownFileType = sourcecode.c.h; path = bars_tool.h; sourceTree = "<group>"; };
		CDB34E701AFE3A4B00849FFD /* delete_tool.cpp */ = {isa = PBXFileReference; fileEncoding = 4; lastKnownFileType = sourcecode.cpp.cpp; path = delete_tool.cpp; sourceTree = "<group>"; };
		CDB34E711AFE3A4B00849FFD /* delete_tool.h */ = {isa = PBXFileReference; fileEncoding = 4; lastKnownFileType = sourcecode.c.h; path = delete_tool.h; sourceTree = "<group>"; };
		CDB34E721AFE3A4B00849FFD /* drag_tool.cpp */ = {isa = PBXFileReference; fileEncoding = 4; lastKnownFileType = sourcecode.cpp.cpp; path = drag_tool.cpp; sourceTree = "<group>"; };
		CDB34E731AFE3A4B00849FFD /* drag_tool.h */ = {isa = PBXFileReference; fileEncoding = 4; lastKnownFileType = sourcecode.c.h; path = drag_tool.h; sourceTree = "<group>"; };
		CDB34E741AFE3A4B00849FFD /* measure_tool.cpp */ = {isa = PBXFileReference; fileEncoding = 4; lastKnownFileType = sourcecode.cpp.cpp; path = measure_tool.cpp; sourceTree = "<group>"; };
		CDB34E751AFE3A4B00849FFD /* measure_tool.h */ = {isa = PBXFileReference; fileEncoding = 4; lastKnownFileType = sourcecode.c.h; path = measure_tool.h; sourceTree = "<group>"; };
		CDB34E761AFE3A4B00849FFD /* obstacle_tool.cpp */ = {isa = PBXFileReference; fileEncoding = 4; lastKnownFileType = sourcecode.cpp.cpp; path = obstacle_tool.cpp; sourceTree = "<group>"; };
		CDB34E771AFE3A4B00849FFD /* obstacle_tool.h */ = {isa = PBXFileReference; fileEncoding = 4; lastKnownFileType = sourcecode.c.h; path = obstacle_tool.h; sourceTree = "<group>"; };
		CDB34E781AFE3A4B00849FFD /* selection_tool.cpp */ = {isa = PBXFileReference; fileEncoding = 4; lastKnownFileType = sourcecode.cpp.cpp; path = selection_tool.cpp; sourceTree = "<group>"; };
		CDB34E791AFE3A4B00849FFD /* selection_tool.h */ = {isa = PBXFileReference; fileEncoding = 4; lastKnownFileType = sourcecode.c.h; path = selection_tool.h; sourceTree = "<group>"; };
		CDB34E7A1AFE3A4B00849FFD /* split_tool.cpp */ = {isa = PBXFileReference; fileEncoding = 4; lastKnownFileType = sourcecode.cpp.cpp; path = split_tool.cpp; sourceTree = "<group>"; };
		CDB34E7B1AFE3A4B00849FFD /* split_tool.h */ = {isa = PBXFileReference; fileEncoding = 4; lastKnownFileType = sourcecode.c.h; path = split_tool.h; sourceTree = "<group>"; };
		CDB34E7C1AFE3A4B00849FFD /* tool.cpp */ = {isa = PBXFileReference; fileEncoding = 4; lastKnownFileType = sourcecode.cpp.cpp; path = tool.cpp; sourceTree = "<group>"; };
		CDB34E7D1AFE3A4B00849FFD /* tool.h */ = {isa = PBXFileReference; fileEncoding = 4; lastKnownFileType = sourcecode.c.h; path = tool.h; sourceTree = "<group>"; };
		CDB34E7E1AFE3A4B00849FFD /* trace_tool.cpp */ = {isa = PBXFileReference; fileEncoding = 4; lastKnownFileType = sourcecode.cpp.cpp; path = trace_tool.cpp; sourceTree = "<group>"; };
		CDB34E7F1AFE3A4B00849FFD /* trace_tool.h */ = {isa = PBXFileReference; fileEncoding = 4; lastKnownFileType = sourcecode.c.h; path = trace_tool.h; sourceTree = "<group>"; };
/* End PBXFileReference section */

/* Begin PBXFrameworksBuildPhase section */
		CD74D20A1A5214CC000B6F31 /* Frameworks */ = {
			isa = PBXFrameworksBuildPhase;
			buildActionMask = 2147483647;
			files = (
				CD74D21A1A52F520000B6F31 /* GLUT.framework in Frameworks */,
				CD74D2181A52F51A000B6F31 /* OpenGL.framework in Frameworks */,
			);
			runOnlyForDeploymentPostprocessing = 0;
		};
/* End PBXFrameworksBuildPhase section */

/* Begin PBXGroup section */
		CD74D2041A5214CC000B6F31 = {
			isa = PBXGroup;
			children = (
				CD74D2191A52F520000B6F31 /* GLUT.framework */,
				CD74D2171A52F51A000B6F31 /* OpenGL.framework */,
				CD74D20F1A5214CC000B6F31 /* Trusses */,
				CD74D20E1A5214CC000B6F31 /* Products */,
			);
			sourceTree = "<group>";
		};
		CD74D20E1A5214CC000B6F31 /* Products */ = {
			isa = PBXGroup;
			children = (
				CD74D20D1A5214CC000B6F31 /* Trusses */,
			);
			name = Products;
			sourceTree = "<group>";
		};
		CD74D20F1A5214CC000B6F31 /* Trusses */ = {
			isa = PBXGroup;
			children = (
				CDB34E4A1AFE3A4B00849FFD /* Entities */,
				CDB34E511AFE3A4B00849FFD /* External */,
				CDB34E541AFE3A4B00849FFD /* Graphics */,
				CDB34E5B1AFE3A4B00849FFD /* Interface */,
				CDB34E681AFE3A4B00849FFD /* Mathematics */,
				CDB34E6D1AFE3A4B00849FFD /* Tools */,
				CDB34E3F1AFE3A3D00849FFD /* game.cpp */,
				CDB34E401AFE3A3D00849FFD /* game.h */,
				CDB34E411AFE3A3D00849FFD /* interpreter.cpp */,
				CDB34E421AFE3A3D00849FFD /* interpreter.h */,
				CDB34E431AFE3A3D00849FFD /* main.cpp */,
				CDB34E441AFE3A3D00849FFD /* save.cpp */,
				CDB34E451AFE3A3D00849FFD /* save.h */,
			);
			name = Trusses;
			path = Oscillator;
			sourceTree = "<group>";
		};
		CDB34E4A1AFE3A4B00849FFD /* Entities */ = {
			isa = PBXGroup;
			children = (
				CDB34E4B1AFE3A4B00849FFD /* bar.cpp */,
				CDB34E4C1AFE3A4B00849FFD /* bar.h */,
				CDB34E4D1AFE3A4B00849FFD /* obstacle.cpp */,
				CDB34E4E1AFE3A4B00849FFD /* obstacle.h */,
				CDB34E4F1AFE3A4B00849FFD /* particle.cpp */,
				CDB34E501AFE3A4B00849FFD /* particle.h */,
			);
			name = Entities;
			path = src/Entities;
			sourceTree = SOURCE_ROOT;
		};
		CDB34E511AFE3A4B00849FFD /* External */ = {
			isa = PBXGroup;
			children = (
				CDB34E521AFE3A4B00849FFD /* fixed_size.h */,
				CDB34E531AFE3A4B00849FFD /* slot_map.h */,
			);
			name = External;
			path = src/External;
			sourceTree = SOURCE_ROOT;
		};
		CDB34E541AFE3A4B00849FFD /* Graphics */ = {
			isa = PBXGroup;
			children = (
				CDB34E551AFE3A4B00849FFD /* graphics.cpp */,
				CDB34E561AFE3A4B00849FFD /* graphics.h */,
				CDB34E571AFE3A4B00849FFD /* grid.cpp */,
				CDB34E581AFE3A4B00849FFD /* grid.h */,
				CDB34E591AFE3A4B00849FFD /* renderer.cpp */,
				CDB34E5A1AFE3A4B00849FFD /* renderer.h */,
			);
			name = Graphics;
			path = src/Graphics;
			sourceTree = SOURCE_ROOT;
		};
		CDB34E5B1AFE3A4B00849FFD /* Interface */ = {
			isa = PBXGroup;
			children = (
				CDB34E5C1AFE3A4B00849FFD /* button.cpp */,
				CDB34E5D1AFE3A4B00849FFD /* button.h */,
				CDB34E5E1AFE3A4B00849FFD /* interface.cpp */,
				CDB34E5F1AFE3A4B00849FFD /* interface.h */,
				CDB34E601AFE3A4B00849FFD /* mouse.cpp */,
				CDB34E611AFE3A4B00849FFD /* mouse.h */,
				CDB34E621AFE3A4B00849FFD /* settings.cpp */,
				CDB34E631AFE3A4B00849FFD /* settings.h */,
				CDB34E641AFE3A4B00849FFD /* temporary_label.cpp */,
				CDB34E651AFE3A4B00849FFD /* temporary_label.h */,
				CDB34E661AFE3A4B00849FFD /* window.cpp */,
				CDB34E671AFE3A4B00849FFD /* window.h */,
			);
			name = Interface;
			path = src/Interface;
			sourceTree = SOURCE_ROOT;
		};
		CDB34E681AFE3A4B00849FFD /* Mathematics */ = {
			isa = PBXGroup;
			children = (
				CDB34E691AFE3A4B00849FFD /* polygon.cpp */,
				CDB34E6A1AFE3A4B00849FFD /* polygon.h */,
				CDB34E6B1AFE3A4B00849FFD /* various_math.cpp */,
				CDB34E6C1AFE3A4B00849FFD /* various_math.h */,
			);
			name = Mathematics;
			path = src/Mathematics;
			sourceTree = SOURCE_ROOT;
		};
		CDB34E6D1AFE3A4B00849FFD /* Tools */ = {
			isa = PBXGroup;
			children = (
				CDB34E6E1AFE3A4B00849FFD /* bars_tool.cpp */,
				CDB34E6F1AFE3A4B00849FFD /* bars_tool.h */,
				CDB34E701AFE3A4B00849FFD /* delete_tool.cpp */,
				CDB34E711AFE3A4B00849FFD /* delete_tool.h */,
				CDB34E721AFE3A4B00849FFD /* drag_tool.cpp */,
				CDB34E731AFE3A4B00849FFD /* drag_tool.h */,
				CDB34E741AFE3A4B00849FFD /* measure_tool.cpp */,
				CDB34E751AFE3A4B00849FFD /* measure_tool.h */,
				CDB34E761AFE3A4B00849FFD /* obstacle_tool.cpp */,
				CDB34E771AFE3A4B00849FFD /* obstacle_tool.h */,
				CDB34E781AFE3A4B00849FFD /* selection_tool.cpp */,
				CDB34E791AFE3A4B00849FFD /* selection_tool.h */,
				CDB34E7A1AFE3A4B00849FFD /* split_tool.cpp */,
				CDB34E7B1AFE3A4B00849FFD /* split_tool.h */,
				CDB34E7C1AFE3A4B00849FFD /* tool.cpp */,
				CDB34E7D1AFE3A4B00849FFD /* tool.h */,
				CDB34E7E1AFE3A4B00849FFD /* trace_tool.cpp */,
				CDB34E7F1AFE3A4B00849FFD /* trace_tool.h */,
			);
			name = Tools;
			path = src/Tools;
			sourceTree = SOURCE_ROOT;
		};
/* End PBXGroup section */

/* Begin PBXNativeTarget section */
		CD74D20C1A5214CC000B6F31 /* Trusses */ = {
			isa = PBXNativeTarget;
			buildConfigurationList = CD74D2141A5214CC000B6F31 /* Build configuration list for PBXNativeTarget "Trusses" */;
			buildPhases = (
				CD74D2091A5214CC000B6F31 /* Sources */,
				CD74D20A1A5214CC000B6F31 /* Frameworks */,
				CD74D20B1A5214CC000B6F31 /* CopyFiles */,
			);
			buildRules = (
			);
			dependencies = (
			);
			name = Trusses;
			productName = Oscillator;
			productReference = CD74D20D1A5214CC000B6F31 /* Trusses */;
			productType = "com.apple.product-type.tool";
		};
/* End PBXNativeTarget section */

/* Begin PBXProject section */
		CD74D2051A5214CC000B6F31 /* Project object */ = {
			isa = PBXProject;
			attributes = {
				LastUpgradeCheck = 0610;
				ORGANIZATIONNAME = "Patrick Szmucer";
				TargetAttributes = {
					CD74D20C1A5214CC000B6F31 = {
						CreatedOnToolsVersion = 6.1.1;
					};
				};
			};
			buildConfigurationList = CD74D2081A5214CC000B6F31 /* Build configuration list for PBXProject "Trusses" */;
			compatibilityVersion = "Xcode 3.2";
			developmentRegion = English;
			hasScannedForEncodings = 0;
			knownRegions = (
				en,
			);
			mainGroup = CD74D2041A5214CC000B6F31;
			productRefGroup = CD74D20E1A5214CC000B6F31 /* Products */;
			projectDirPath = "";
			projectRoot = "";
			targets = (
				CD74D20C1A5214CC000B6F31 /* Trusses */,
			);
		};
/* End PBXProject section */

/* Begin PBXSourcesBuildPhase section */
		CD74D2091A5214CC000B6F31 /* Sources */ = {
			isa = PBXSourcesBuildPhase;
			buildActionMask = 2147483647;
			files = (
				CDB34E811AFE3A4B00849FFD /* obstacle.cpp in Sources */,
				CDB34E821AFE3A4B00849FFD /* particle.cpp in Sources */,
				CDB34E941AFE3A4B00849FFD /* split_tool.cpp in Sources */,
				CDB34E851AFE3A4B00849FFD /* renderer.cpp in Sources */,
				CDB34E901AFE3A4B00849FFD /* drag_tool.cpp in Sources */,
				CDB34E911AFE3A4B00849FFD /* measure_tool.cpp in Sources */,
				CDB34E8B1AFE3A4B00849FFD /* window.cpp in Sources */,
				CDB34E961AFE3A4B00849FFD /* trace_tool.cpp in Sources */,
				CDB34E8F1AFE3A4B00849FFD /* delete_tool.cpp in Sources */,
				CDB34E8E1AFE3A4B00849FFD /* bars_tool.cpp in Sources */,
				CDB34E861AFE3A4B00849FFD /* button.cpp in Sources */,
				CDB34E921AFE3A4B00849FFD /* obstacle_tool.cpp in Sources */,
				CDB34E951AFE3A4B00849FFD /* tool.cpp in Sources */,
				CDB34E841AFE3A4B00849FFD /* grid.cpp in Sources */,
				CDB34E801AFE3A4B00849FFD /* bar.cpp in Sources */,
				CDB34E8D1AFE3A4B00849FFD /* various_math.cpp in Sources */,
				CDB34E491AFE3A3D00849FFD /* save.cpp in Sources */,
				CDB34E471AFE3A3D00849FFD /* interpreter.cpp in Sources */,
				CDB34E481AFE3A3D00849FFD /* main.cpp in Sources */,
				CDB34E881AFE3A4B00849FFD /* mouse.cpp in Sources */,
				CDB34E831AFE3A4B00849FFD /* graphics.cpp in Sources */,
				CDB34E461AFE3A3D00849FFD /* game.cpp in Sources */,
				CDB34E8A1AFE3A4B00849FFD /* temporary_label.cpp in Sources */,
				CDB34E891AFE3A4B00849FFD /* settings.cpp in Sources */,
				CDB34E8C1AFE3A4B00849FFD /* polygon.cpp in Sources */,
				CDB34E931AFE3A4B00849FFD /* selection_tool.cpp in Sources */,
				CDB34E871AFE3A4B00849FFD /* interface.cpp in Sources */,
			);
			runOnlyForDeploymentPostprocessing = 0;
		};
/* End PBXSourcesBuildPhase section */

/* Begin XCBuildConfiguration section */
		CD74D2121A5214CC000B6F31 /* Debug */ = {
			isa = XCBuildConfiguration;
			buildSettings = {
				ALWAYS_SEARCH_USER_PATHS = NO;
				CLANG_CXX_LANGUAGE_STANDARD = "gnu++0x";
				CLANG_CXX_LIBRARY = "libc++";
				CLANG_ENABLE_MODULES = YES;
				CLANG_ENABLE_OBJC_ARC = YES;
				CLANG_WARN_BOOL_CONVERSION = YES;
				CLANG_WARN_CONSTANT_CONVERSION = YES;
				CLANG_WARN_DIRECT_OBJC_ISA_USAGE = YES_ERROR;
				CLANG_WARN_EMPTY_BODY = YES;
				CLANG_WARN_ENUM_CONVERSION = YES;
				CLANG_WARN_INT_CONVERSION = YES;
				CLANG_WARN_OBJC_ROOT_CLASS = YES_ERROR;
				CLANG_WARN_UNREACHABLE_CODE = YES;
				CLANG_WARN__DUPLICATE_METHOD_MATCH = YES;
				COPY_PHASE_STRIP = NO;
				ENABLE_STRICT_OBJC_MSGSEND = YES;
				GCC_C_LANGUAGE_STANDARD = gnu99;
				GCC_DYNAMIC_NO_PIC = NO;
				GCC_OPTIMIZATION_LEVEL = 0;
				GCC_PREPROCESSOR_DEFINITIONS = (
					"DEBUG=1",
					"$(inherited)",
				);
				GCC_SYMBOLS_PRIVATE_EXTERN = NO;
				GCC_WARN_64_TO_32_BIT_CONVERSION = YES;
				GCC_WARN_ABOUT_RETURN_TYPE = YES_ERROR;
				GCC_WARN_UNDECLARED_SELECTOR = YES;
				GCC_WARN_UNINITIALIZED_AUTOS = YES_AGGRESSIVE;
				GCC_WARN_UNUSED_FUNCTION = YES;
				GCC_WARN_UNUSED_VARIABLE = YES;
				MACOSX_DEPLOYMENT_TARGET = 10.10;
				MTL_ENABLE_DEBUG_INFO = YES;
				ONLY_ACTIVE_ARCH = YES;
				SDKROOT = macosx;
			};
			name = Debug;
		};
		CD74D2131A5214CC000B6F31 /* Release */ = {
			isa = XCBuildConfiguration;
			buildSettings = {
				ALWAYS_SEARCH_USER_PATHS = NO;
				CLANG_CXX_LANGUAGE_STANDARD = "gnu++0x";
				CLANG_CXX_LIBRARY = "libc++";
				CLANG_ENABLE_MODULES = YES;
				CLANG_ENABLE_OBJC_ARC = YES;
				CLANG_WARN_BOOL_CONVERSION = YES;
				CLANG_WARN_CONSTANT_CONVERSION = YES;
				CLANG_WARN_DIRECT_OBJC_ISA_USAGE = YES_ERROR;
				CLANG_WARN_EMPTY_BODY = YES;
				CLANG_WARN_ENUM_CONVERSION = YES;
				CLANG_WARN_INT_CONVERSION = YES;
				CLANG_WARN_OBJC_ROOT_CLASS = YES_ERROR;
				CLANG_WARN_UNREACHABLE_CODE = YES;
				CLANG_WARN__DUPLICATE_METHOD_MATCH = YES;
				COPY_PHASE_STRIP = YES;
				DEBUG_INFORMATION_FORMAT = "dwarf-with-dsym";
				ENABLE_NS_ASSERTIONS = NO;
				ENABLE_STRICT_OBJC_MSGSEND = YES;
				GCC_C_LANGUAGE_STANDARD = gnu99;
				GCC_WARN_64_TO_32_BIT_CONVERSION = YES;
				GCC_WARN_ABOUT_RETURN_TYPE = YES_ERROR;
				GCC_WARN_UNDECLARED_SELECTOR = YES;
				GCC_WARN_UNINITIALIZED_AUTOS = YES_AGGRESSIVE;
				GCC_WARN_UNUSED_FUNCTION = YES;
				GCC_WARN_UNUSED_VARIABLE = YES;
				MACOSX_DEPLOYMENT_TARGET = 10.10;
				MTL_ENABLE_DEBUG_INFO = NO;
				SDKROOT = macosx;
			};
			name = Release;
		};
		CD74D2151A5214CC000B6F31 /* Debug */ = {
			isa = XCBuildConfiguration;
			buildSettings = {
				GCC_WARN_ABOUT_DEPRECATED_FUNCTIONS = NO;
				PRODUCT_NAME = Trusses;
			};
			name = Debug;
		};
		CD74D2161A5214CC000B6F31 /* Release */ = {
			isa = XCBuildConfiguration;
			buildSettings = {
				GCC_WARN_ABOUT_DEPRECATED_FUNCTIONS = NO;
				PRODUCT_NAME = Trusses;
			};
			name = Release;
		};
/* End XCBuildConfiguration section */

/* Begin XCConfigurationList section */
		CD74D2081A5214CC000B6F31 /* Build configuration list for PBXProject "Trusses" */ = {
			isa = XCConfigurationList;
			buildConfigurations = (
				CD74D2121A5214CC000B6F31 /* Debug */,
				CD74D2131A5214CC000B6F31 /* Release */,
			);
			defaultConfigurationIsVisible = 0;
			defaultConfigurationName = Release;
		};
		CD74D2141A5214CC000B6F31 /* Build configuration list for PBXNativeTarget "Trusses" */ = {
			isa = XCConfigurationList;
			buildConfigurations = (
				CD74D2151A5214CC000B6F31 /* Debug */,
				CD74D2161A5214CC000B6F31 /* Release */,
			);
			defaultConfigurationIsVisible = 0;
			defaultConfigurationName = Release;
		};
/* End XCConfigurationList section */
	};
	rootObject = CD74D2051A5214CC000B6F31 /* Project object */;
}
