// !$*UTF8*$!
{
	archiveVersion = 1;
	classes = {
	};
	objectVersion = 46;
	objects = {

/* Begin PBXBuildFile section */
		CD74D2181A52F51A000B6F31 /* OpenGL.framework in Frameworks */ = {isa = PBXBuildFile; fileRef = CD74D2171A52F51A000B6F31 /* OpenGL.framework */; };
		CD74D21A1A52F520000B6F31 /* GLUT.framework in Frameworks */ = {isa = PBXBuildFile; fileRef = CD74D2191A52F520000B6F31 /* GLUT.framework */; };
		CD8AE56D1A6F0D9100E3BEA0 /* interpreter.cpp in Sources */ = {isa = PBXBuildFile; fileRef = CD8AE56B1A6F0D9100E3BEA0 /* interpreter.cpp */; };
		CDD4AA981A5AB6EF00E2DC67 /* bar.cpp in Sources */ = {isa = PBXBuildFile; fileRef = CDD4AA8E1A5AB6EF00E2DC67 /* bar.cpp */; };
		CDD4AA991A5AB6EF00E2DC67 /* button.cpp in Sources */ = {isa = PBXBuildFile; fileRef = CDD4AA8F1A5AB6EF00E2DC67 /* button.cpp */; };
		CDD4AA9A1A5AB6EF00E2DC67 /* graphics.cpp in Sources */ = {isa = PBXBuildFile; fileRef = CDD4AA901A5AB6EF00E2DC67 /* graphics.cpp */; };
		CDD4AA9B1A5AB6EF00E2DC67 /* interface.cpp in Sources */ = {isa = PBXBuildFile; fileRef = CDD4AA911A5AB6EF00E2DC67 /* interface.cpp */; };
		CDD4AA9C1A5AB6EF00E2DC67 /* main.cpp in Sources */ = {isa = PBXBuildFile; fileRef = CDD4AA921A5AB6EF00E2DC67 /* main.cpp */; };
		CDD4AA9D1A5AB6EF00E2DC67 /* math.cpp in Sources */ = {isa = PBXBuildFile; fileRef = CDD4AA931A5AB6EF00E2DC67 /* math.cpp */; };
		CDD4AA9E1A5AB6EF00E2DC67 /* particle.cpp in Sources */ = {isa = PBXBuildFile; fileRef = CDD4AA941A5AB6EF00E2DC67 /* particle.cpp */; };
		CDD4AA9F1A5AB6EF00E2DC67 /* physics.cpp in Sources */ = {isa = PBXBuildFile; fileRef = CDD4AA951A5AB6EF00E2DC67 /* physics.cpp */; };
		CDD4AAA01A5AB6EF00E2DC67 /* save.cpp in Sources */ = {isa = PBXBuildFile; fileRef = CDD4AA961A5AB6EF00E2DC67 /* save.cpp */; };
		CDD4AAA11A5AB6EF00E2DC67 /* wall.cpp in Sources */ = {isa = PBXBuildFile; fileRef = CDD4AA971A5AB6EF00E2DC67 /* wall.cpp */; };
/* End PBXBuildFile section */

/* Begin PBXCopyFilesBuildPhase section */
		CD74D20B1A5214CC000B6F31 /* CopyFiles */ = {
			isa = PBXCopyFilesBuildPhase;
			buildActionMask = 2147483647;
			dstPath = /usr/share/man/man1/;
			dstSubfolderSpec = 0;
			files = (
			);
			runOnlyForDeploymentPostprocessing = 1;
		};
/* End PBXCopyFilesBuildPhase section */

/* Begin PBXFileReference section */
		CD74D20D1A5214CC000B6F31 /* Trusses */ = {isa = PBXFileReference; explicitFileType = "compiled.mach-o.executable"; includeInIndex = 0; path = Trusses; sourceTree = BUILT_PRODUCTS_DIR; };
		CD74D2171A52F51A000B6F31 /* OpenGL.framework */ = {isa = PBXFileReference; lastKnownFileType = wrapper.framework; name = OpenGL.framework; path = System/Library/Frameworks/OpenGL.framework; sourceTree = SDKROOT; };
		CD74D2191A52F520000B6F31 /* GLUT.framework */ = {isa = PBXFileReference; lastKnownFileType = wrapper.framework; name = GLUT.framework; path = System/Library/Frameworks/GLUT.framework; sourceTree = SDKROOT; };
		CD8AE56B1A6F0D9100E3BEA0 /* interpreter.cpp */ = {isa = PBXFileReference; fileEncoding = 4; lastKnownFileType = sourcecode.cpp.cpp; path = interpreter.cpp; sourceTree = SOURCE_ROOT; };
		CD8AE56C1A6F0D9100E3BEA0 /* interpreter.h */ = {isa = PBXFileReference; fileEncoding = 4; lastKnownFileType = sourcecode.c.h; path = interpreter.h; sourceTree = SOURCE_ROOT; };
		CDD4AA851A5AB6DC00E2DC67 /* bar.h */ = {isa = PBXFileReference; lastKnownFileType = sourcecode.c.h; name = bar.h; path = Trusses/bar.h; sourceTree = SOURCE_ROOT; };
		CDD4AA861A5AB6DC00E2DC67 /* button.h */ = {isa = PBXFileReference; lastKnownFileType = sourcecode.c.h; name = button.h; path = Trusses/button.h; sourceTree = SOURCE_ROOT; };
		CDD4AA871A5AB6DC00E2DC67 /* graphics.h */ = {isa = PBXFileReference; lastKnownFileType = sourcecode.c.h; name = graphics.h; path = Trusses/graphics.h; sourceTree = SOURCE_ROOT; };
		CDD4AA881A5AB6DC00E2DC67 /* interface.h */ = {isa = PBXFileReference; lastKnownFileType = sourcecode.c.h; name = interface.h; path = Trusses/interface.h; sourceTree = SOURCE_ROOT; };
		CDD4AA891A5AB6DC00E2DC67 /* math.h */ = {isa = PBXFileReference; lastKnownFileType = sourcecode.c.h; name = math.h; path = Trusses/math.h; sourceTree = SOURCE_ROOT; };
		CDD4AA8A1A5AB6DC00E2DC67 /* particle.h */ = {isa = PBXFileReference; lastKnownFileType = sourcecode.c.h; name = particle.h; path = Trusses/particle.h; sourceTree = SOURCE_ROOT; };
		CDD4AA8B1A5AB6DC00E2DC67 /* physics.h */ = {isa = PBXFileReference; lastKnownFileType = sourcecode.c.h; name = physics.h; path = Trusses/physics.h; sourceTree = SOURCE_ROOT; };
		CDD4AA8C1A5AB6DC00E2DC67 /* save.h */ = {isa = PBXFileReference; lastKnownFileType = sourcecode.c.h; name = save.h; path = Trusses/save.h; sourceTree = SOURCE_ROOT; };
		CDD4AA8D1A5AB6DC00E2DC67 /* wall.h */ = {isa = PBXFileReference; lastKnownFileType = sourcecode.c.h; name = wall.h; path = Trusses/wall.h; sourceTree = SOURCE_ROOT; };
		CDD4AA8E1A5AB6EF00E2DC67 /* bar.cpp */ = {isa = PBXFileReference; fileEncoding = 4; lastKnownFileType = sourcecode.cpp.cpp; name = bar.cpp; path = Trusses/bar.cpp; sourceTree = SOURCE_ROOT; };
		CDD4AA8F1A5AB6EF00E2DC67 /* button.cpp */ = {isa = PBXFileReference; fileEncoding = 4; lastKnownFileType = sourcecode.cpp.cpp; name = button.cpp; path = Trusses/button.cpp; sourceTree = SOURCE_ROOT; };
		CDD4AA901A5AB6EF00E2DC67 /* graphics.cpp */ = {isa = PBXFileReference; fileEncoding = 4; lastKnownFileType = sourcecode.cpp.cpp; name = graphics.cpp; path = Trusses/graphics.cpp; sourceTree = SOURCE_ROOT; };
		CDD4AA911A5AB6EF00E2DC67 /* interface.cpp */ = {isa = PBXFileReference; fileEncoding = 4; lastKnownFileType = sourcecode.cpp.cpp; name = interface.cpp; path = Trusses/interface.cpp; sourceTree = SOURCE_ROOT; };
		CDD4AA921A5AB6EF00E2DC67 /* main.cpp */ = {isa = PBXFileReference; fileEncoding = 4; lastKnownFileType = sourcecode.cpp.cpp; name = main.cpp; path = Trusses/main.cpp; sourceTree = SOURCE_ROOT; };
		CDD4AA931A5AB6EF00E2DC67 /* math.cpp */ = {isa = PBXFileReference; fileEncoding = 4; lastKnownFileType = sourcecode.cpp.cpp; name = math.cpp; path = Trusses/math.cpp; sourceTree = SOURCE_ROOT; };
		CDD4AA941A5AB6EF00E2DC67 /* particle.cpp */ = {isa = PBXFileReference; fileEncoding = 4; lastKnownFileType = sourcecode.cpp.cpp; name = particle.cpp; path = Trusses/particle.cpp; sourceTree = SOURCE_ROOT; };
		CDD4AA951A5AB6EF00E2DC67 /* physics.cpp */ = {isa = PBXFileReference; fileEncoding = 4; lastKnownFileType = sourcecode.cpp.cpp; name = physics.cpp; path = Trusses/physics.cpp; sourceTree = SOURCE_ROOT; };
		CDD4AA961A5AB6EF00E2DC67 /* save.cpp */ = {isa = PBXFileReference; fileEncoding = 4; lastKnownFileType = sourcecode.cpp.cpp; name = save.cpp; path = Trusses/save.cpp; sourceTree = SOURCE_ROOT; };
		CDD4AA971A5AB6EF00E2DC67 /* wall.cpp */ = {isa = PBXFileReference; fileEncoding = 4; lastKnownFileType = sourcecode.cpp.cpp; name = wall.cpp; path = Trusses/wall.cpp; sourceTree = SOURCE_ROOT; };
/* End PBXFileReference section */

/* Begin PBXFrameworksBuildPhase section */
		CD74D20A1A5214CC000B6F31 /* Frameworks */ = {
			isa = PBXFrameworksBuildPhase;
			buildActionMask = 2147483647;
			files = (
				CD74D21A1A52F520000B6F31 /* GLUT.framework in Frameworks */,
				CD74D2181A52F51A000B6F31 /* OpenGL.framework in Frameworks */,
			);
			runOnlyForDeploymentPostprocessing = 0;
		};
/* End PBXFrameworksBuildPhase section */

/* Begin PBXGroup section */
		CD74D2041A5214CC000B6F31 = {
			isa = PBXGroup;
			children = (
				CD74D2191A52F520000B6F31 /* GLUT.framework */,
				CD74D2171A52F51A000B6F31 /* OpenGL.framework */,
				CD74D20F1A5214CC000B6F31 /* Trusses */,
				CD74D20E1A5214CC000B6F31 /* Products */,
			);
			sourceTree = "<group>";
		};
		CD74D20E1A5214CC000B6F31 /* Products */ = {
			isa = PBXGroup;
			children = (
				CD74D20D1A5214CC000B6F31 /* Trusses */,
			);
			name = Products;
			sourceTree = "<group>";
		};
		CD74D20F1A5214CC000B6F31 /* Trusses */ = {
			isa = PBXGroup;
			children = (
				CDD4AA611A56AE4B00E2DC67 /* Headers */,
				CDD4AA621A56AE6400E2DC67 /* Source */,
			);
			name = Trusses;
			path = Oscillator;
			sourceTree = "<group>";
		};
		CDD4AA611A56AE4B00E2DC67 /* Headers */ = {
			isa = PBXGroup;
			children = (
				CDD4AA851A5AB6DC00E2DC67 /* bar.h */,
				CDD4AA861A5AB6DC00E2DC67 /* button.h */,
				CDD4AA871A5AB6DC00E2DC67 /* graphics.h */,
				CDD4AA881A5AB6DC00E2DC67 /* interface.h */,
				CD8AE56C1A6F0D9100E3BEA0 /* interpreter.h */,
				CDD4AA891A5AB6DC00E2DC67 /* math.h */,
				CDD4AA8A1A5AB6DC00E2DC67 /* particle.h */,
				CDD4AA8B1A5AB6DC00E2DC67 /* physics.h */,
				CDD4AA8C1A5AB6DC00E2DC67 /* save.h */,
				CDD4AA8D1A5AB6DC00E2DC67 /* wall.h */,
			);
			name = Headers;
			sourceTree = "<group>";
		};
		CDD4AA621A56AE6400E2DC67 /* Source */ = {
			isa = PBXGroup;
			children = (
				CDD4AA8E1A5AB6EF00E2DC67 /* bar.cpp */,
				CDD4AA8F1A5AB6EF00E2DC67 /* button.cpp */,
				CDD4AA901A5AB6EF00E2DC67 /* graphics.cpp */,
				CDD4AA911A5AB6EF00E2DC67 /* interface.cpp */,
				CD8AE56B1A6F0D9100E3BEA0 /* interpreter.cpp */,
				CDD4AA921A5AB6EF00E2DC67 /* main.cpp */,
				CDD4AA931A5AB6EF00E2DC67 /* math.cpp */,
				CDD4AA941A5AB6EF00E2DC67 /* particle.cpp */,
				CDD4AA951A5AB6EF00E2DC67 /* physics.cpp */,
				CDD4AA961A5AB6EF00E2DC67 /* save.cpp */,
				CDD4AA971A5AB6EF00E2DC67 /* wall.cpp */,
			);
			name = Source;
			sourceTree = "<group>";
		};
/* End PBXGroup section */

/* Begin PBXNativeTarget section */
		CD74D20C1A5214CC000B6F31 /* Trusses */ = {
			isa = PBXNativeTarget;
			buildConfigurationList = CD74D2141A5214CC000B6F31 /* Build configuration list for PBXNativeTarget "Trusses" */;
			buildPhases = (
				CD74D2091A5214CC000B6F31 /* Sources */,
				CD74D20A1A5214CC000B6F31 /* Frameworks */,
				CD74D20B1A5214CC000B6F31 /* CopyFiles */,
			);
			buildRules = (
			);
			dependencies = (
			);
			name = Trusses;
			productName = Oscillator;
			productReference = CD74D20D1A5214CC000B6F31 /* Trusses */;
			productType = "com.apple.product-type.tool";
		};
/* End PBXNativeTarget section */

/* Begin PBXProject section */
		CD74D2051A5214CC000B6F31 /* Project object */ = {
			isa = PBXProject;
			attributes = {
				LastUpgradeCheck = 0610;
				ORGANIZATIONNAME = "Patrick Szmucer";
				TargetAttributes = {
					CD74D20C1A5214CC000B6F31 = {
						CreatedOnToolsVersion = 6.1.1;
					};
				};
			};
			buildConfigurationList = CD74D2081A5214CC000B6F31 /* Build configuration list for PBXProject "Trusses" */;
			compatibilityVersion = "Xcode 3.2";
			developmentRegion = English;
			hasScannedForEncodings = 0;
			knownRegions = (
				en,
			);
			mainGroup = CD74D2041A5214CC000B6F31;
			productRefGroup = CD74D20E1A5214CC000B6F31 /* Products */;
			projectDirPath = "";
			projectRoot = "";
			targets = (
				CD74D20C1A5214CC000B6F31 /* Trusses */,
			);
		};
/* End PBXProject section */

/* Begin PBXSourcesBuildPhase section */
		CD74D2091A5214CC000B6F31 /* Sources */ = {
			isa = PBXSourcesBuildPhase;
			buildActionMask = 2147483647;
			files = (
				CDD4AA981A5AB6EF00E2DC67 /* bar.cpp in Sources */,
				CDD4AA9E1A5AB6EF00E2DC67 /* particle.cpp in Sources */,
				CDD4AAA01A5AB6EF00E2DC67 /* save.cpp in Sources */,
				CDD4AAA11A5AB6EF00E2DC67 /* wall.cpp in Sources */,
				CDD4AA991A5AB6EF00E2DC67 /* button.cpp in Sources */,
				CDD4AA9A1A5AB6EF00E2DC67 /* graphics.cpp in Sources */,
				CDD4AA9C1A5AB6EF00E2DC67 /* main.cpp in Sources */,
				CD8AE56D1A6F0D9100E3BEA0 /* interpreter.cpp in Sources */,
				CDD4AA9B1A5AB6EF00E2DC67 /* interface.cpp in Sources */,
				CDD4AA9D1A5AB6EF00E2DC67 /* math.cpp in Sources */,
				CDD4AA9F1A5AB6EF00E2DC67 /* physics.cpp in Sources */,
			);
			runOnlyForDeploymentPostprocessing = 0;
		};
/* End PBXSourcesBuildPhase section */

/* Begin XCBuildConfiguration section */
		CD74D2121A5214CC000B6F31 /* Debug */ = {
			isa = XCBuildConfiguration;
			buildSettings = {
				ALWAYS_SEARCH_USER_PATHS = NO;
				CLANG_CXX_LANGUAGE_STANDARD = "gnu++0x";
				CLANG_CXX_LIBRARY = "libc++";
				CLANG_ENABLE_MODULES = YES;
				CLANG_ENABLE_OBJC_ARC = YES;
				CLANG_WARN_BOOL_CONVERSION = YES;
				CLANG_WARN_CONSTANT_CONVERSION = YES;
				CLANG_WARN_DIRECT_OBJC_ISA_USAGE = YES_ERROR;
				CLANG_WARN_EMPTY_BODY = YES;
				CLANG_WARN_ENUM_CONVERSION = YES;
				CLANG_WARN_INT_CONVERSION = YES;
				CLANG_WARN_OBJC_ROOT_CLASS = YES_ERROR;
				CLANG_WARN_UNREACHABLE_CODE = YES;
				CLANG_WARN__DUPLICATE_METHOD_MATCH = YES;
				COPY_PHASE_STRIP = NO;
				ENABLE_STRICT_OBJC_MSGSEND = YES;
				GCC_C_LANGUAGE_STANDARD = gnu99;
				GCC_DYNAMIC_NO_PIC = NO;
				GCC_OPTIMIZATION_LEVEL = 0;
				GCC_PREPROCESSOR_DEFINITIONS = (
					"DEBUG=1",
					"$(inherited)",
				);
				GCC_SYMBOLS_PRIVATE_EXTERN = NO;
				GCC_WARN_64_TO_32_BIT_CONVERSION = YES;
				GCC_WARN_ABOUT_RETURN_TYPE = YES_ERROR;
				GCC_WARN_UNDECLARED_SELECTOR = YES;
				GCC_WARN_UNINITIALIZED_AUTOS = YES_AGGRESSIVE;
				GCC_WARN_UNUSED_FUNCTION = YES;
				GCC_WARN_UNUSED_VARIABLE = YES;
				MACOSX_DEPLOYMENT_TARGET = 10.10;
				MTL_ENABLE_DEBUG_INFO = YES;
				ONLY_ACTIVE_ARCH = YES;
				SDKROOT = macosx;
			};
			name = Debug;
		};
		CD74D2131A5214CC000B6F31 /* Release */ = {
			isa = XCBuildConfiguration;
			buildSettings = {
				ALWAYS_SEARCH_USER_PATHS = NO;
				CLANG_CXX_LANGUAGE_STANDARD = "gnu++0x";
				CLANG_CXX_LIBRARY = "libc++";
				CLANG_ENABLE_MODULES = YES;
				CLANG_ENABLE_OBJC_ARC = YES;
				CLANG_WARN_BOOL_CONVERSION = YES;
				CLANG_WARN_CONSTANT_CONVERSION = YES;
				CLANG_WARN_DIRECT_OBJC_ISA_USAGE = YES_ERROR;
				CLANG_WARN_EMPTY_BODY = YES;
				CLANG_WARN_ENUM_CONVERSION = YES;
				CLANG_WARN_INT_CONVERSION = YES;
				CLANG_WARN_OBJC_ROOT_CLASS = YES_ERROR;
				CLANG_WARN_UNREACHABLE_CODE = YES;
				CLANG_WARN__DUPLICATE_METHOD_MATCH = YES;
				COPY_PHASE_STRIP = YES;
				DEBUG_INFORMATION_FORMAT = "dwarf-with-dsym";
				ENABLE_NS_ASSERTIONS = NO;
				ENABLE_STRICT_OBJC_MSGSEND = YES;
				GCC_C_LANGUAGE_STANDARD = gnu99;
				GCC_WARN_64_TO_32_BIT_CONVERSION = YES;
				GCC_WARN_ABOUT_RETURN_TYPE = YES_ERROR;
				GCC_WARN_UNDECLARED_SELECTOR = YES;
				GCC_WARN_UNINITIALIZED_AUTOS = YES_AGGRESSIVE;
				GCC_WARN_UNUSED_FUNCTION = YES;
				GCC_WARN_UNUSED_VARIABLE = YES;
				MACOSX_DEPLOYMENT_TARGET = 10.10;
				MTL_ENABLE_DEBUG_INFO = NO;
				SDKROOT = macosx;
			};
			name = Release;
		};
		CD74D2151A5214CC000B6F31 /* Debug */ = {
			isa = XCBuildConfiguration;
			buildSettings = {
				GCC_WARN_ABOUT_DEPRECATED_FUNCTIONS = NO;
				PRODUCT_NAME = Trusses;
			};
			name = Debug;
		};
		CD74D2161A5214CC000B6F31 /* Release */ = {
			isa = XCBuildConfiguration;
			buildSettings = {
				GCC_WARN_ABOUT_DEPRECATED_FUNCTIONS = NO;
				PRODUCT_NAME = Trusses;
			};
			name = Release;
		};
/* End XCBuildConfiguration section */

/* Begin XCConfigurationList section */
		CD74D2081A5214CC000B6F31 /* Build configuration list for PBXProject "Trusses" */ = {
			isa = XCConfigurationList;
			buildConfigurations = (
				CD74D2121A5214CC000B6F31 /* Debug */,
				CD74D2131A5214CC000B6F31 /* Release */,
			);
			defaultConfigurationIsVisible = 0;
			defaultConfigurationName = Release;
		};
		CD74D2141A5214CC000B6F31 /* Build configuration list for PBXNativeTarget "Trusses" */ = {
			isa = XCConfigurationList;
			buildConfigurations = (
				CD74D2151A5214CC000B6F31 /* Debug */,
				CD74D2161A5214CC000B6F31 /* Release */,
			);
			defaultConfigurationIsVisible = 0;
			defaultConfigurationName = Release;
		};
/* End XCConfigurationList section */
	};
	rootObject = CD74D2051A5214CC000B6F31 /* Project object */;
}
